
Microsoft Visual Studio Solution File, Format Version 12.00
# Visual Studio Version 17
VisualStudioVersion = 17.0.31903.59
MinimumVisualStudioVersion = 10.0.40219.1
Project("{FAE04EC0-301F-11D3-BF4B-00C04F79EFBC}") = "BracketMatchChecker", "BracketMatchChecker\BracketMatchChecker.csproj", "{6167BCF7-3422-4587-A2FD-C3ED0307CC57}"
EndProject
Project("{FAE04EC0-301F-11D3-BF4B-00C04F79EFBC}") = "BracketMatchCheckerTests", "BracketMatchCheckerTests\BracketMatchCheckerTests.csproj", "{D92F6FCA-A8D2-496E-9445-3706630900DC}"
EndProject
Global
	GlobalSection(SolutionConfigurationPlatforms) = preSolution
		Debug|Any CPU = Debug|Any CPU
		Release|Any CPU = Release|Any CPU
	EndGlobalSection
	GlobalSection(SolutionProperties) = preSolution
		HideSolutionNode = FALSE
	EndGlobalSection
	GlobalSection(ProjectConfigurationPlatforms) = postSolution
		{6167BCF7-3422-4587-A2FD-C3ED0307CC57}.Debug|Any CPU.ActiveCfg = Debug|Any CPU
		{6167BCF7-3422-4587-A2FD-C3ED0307CC57}.Debug|Any CPU.Build.0 = Debug|Any CPU
		{6167BCF7-3422-4587-A2FD-C3ED0307CC57}.Release|Any CPU.ActiveCfg = Release|Any CPU
		{6167BCF7-3422-4587-A2FD-C3ED0307CC57}.Release|Any CPU.Build.0 = Release|Any CPU
		{D92F6FCA-A8D2-496E-9445-3706630900DC}.Debug|Any CPU.ActiveCfg = Debug|Any CPU
		{D92F6FCA-A8D2-496E-9445-3706630900DC}.Debug|Any CPU.Build.0 = Debug|Any CPU
		{D92F6FCA-A8D2-496E-9445-3706630900DC}.Release|Any CPU.ActiveCfg = Release|Any CPU
		{D92F6FCA-A8D2-496E-9445-3706630900DC}.Release|Any CPU.Build.0 = Release|Any CPU
	EndGlobalSection
EndGlobal
